
Microsoft Visual Studio Solution File, Format Version 12.00
# Visual Studio Version 16
VisualStudioVersion = 16.0.30517.126
MinimumVisualStudioVersion = 10.0.40219.1
Project("{9A19103F-16F7-4668-BE54-9A1E7A4F7556}") = "Drugs2020.BLL", "Drugs2020.BLL\Drugs2020.BLL.csproj", "{E7C1F385-2BF1-43CA-8B1A-4EC528A9DC3A}"
EndProject
Project("{9A19103F-16F7-4668-BE54-9A1E7A4F7556}") = "Drugs2020.DAL", "Drugs2020.DAL\Drugs2020.DAL.csproj", "{41840D4B-0393-41EA-A8DE-92BB1BCD2401}"
EndProject
Project("{9A19103F-16F7-4668-BE54-9A1E7A4F7556}") = "Drugs2020.BLL.BE", "Drugs2020.BLL.BE\Drugs2020.BLL.BE.csproj", "{293A841B-86D8-47B7-BA76-DF3F48E485D8}"
EndProject
Project("{FAE04EC0-301F-11D3-BF4B-00C04F79EFBC}") = "Drugs2020.PL", "Drugs2020.PL\Drugs2020.PL\Drugs2020.PL.csproj", "{3327CEEC-40B0-414C-A50D-DD75D3D22F99}"
EndProject
Global
	GlobalSection(SolutionConfigurationPlatforms) = preSolution
		Debug|Any CPU = Debug|Any CPU
		Release|Any CPU = Release|Any CPU
	EndGlobalSection
	GlobalSection(ProjectConfigurationPlatforms) = postSolution
		{E7C1F385-2BF1-43CA-8B1A-4EC528A9DC3A}.Debug|Any CPU.ActiveCfg = Debug|Any CPU
		{E7C1F385-2BF1-43CA-8B1A-4EC528A9DC3A}.Debug|Any CPU.Build.0 = Debug|Any CPU
		{E7C1F385-2BF1-43CA-8B1A-4EC528A9DC3A}.Release|Any CPU.ActiveCfg = Release|Any CPU
		{E7C1F385-2BF1-43CA-8B1A-4EC528A9DC3A}.Release|Any CPU.Build.0 = Release|Any CPU
		{41840D4B-0393-41EA-A8DE-92BB1BCD2401}.Debug|Any CPU.ActiveCfg = Debug|Any CPU
		{41840D4B-0393-41EA-A8DE-92BB1BCD2401}.Debug|Any CPU.Build.0 = Debug|Any CPU
		{41840D4B-0393-41EA-A8DE-92BB1BCD2401}.Release|Any CPU.ActiveCfg = Release|Any CPU
		{41840D4B-0393-41EA-A8DE-92BB1BCD2401}.Release|Any CPU.Build.0 = Release|Any CPU
		{293A841B-86D8-47B7-BA76-DF3F48E485D8}.Debug|Any CPU.ActiveCfg = Debug|Any CPU
		{293A841B-86D8-47B7-BA76-DF3F48E485D8}.Debug|Any CPU.Build.0 = Debug|Any CPU
		{293A841B-86D8-47B7-BA76-DF3F48E485D8}.Release|Any CPU.ActiveCfg = Release|Any CPU
		{293A841B-86D8-47B7-BA76-DF3F48E485D8}.Release|Any CPU.Build.0 = Release|Any CPU
		{3327CEEC-40B0-414C-A50D-DD75D3D22F99}.Debug|Any CPU.ActiveCfg = Debug|Any CPU
		{3327CEEC-40B0-414C-A50D-DD75D3D22F99}.Debug|Any CPU.Build.0 = Debug|Any CPU
		{3327CEEC-40B0-414C-A50D-DD75D3D22F99}.Release|Any CPU.ActiveCfg = Release|Any CPU
		{3327CEEC-40B0-414C-A50D-DD75D3D22F99}.Release|Any CPU.Build.0 = Release|Any CPU
	EndGlobalSection
	GlobalSection(SolutionProperties) = preSolution
		HideSolutionNode = FALSE
	EndGlobalSection
	GlobalSection(ExtensibilityGlobals) = postSolution
		SolutionGuid = {9F3D26A8-5AAC-411B-92F7-56D928ADFFA3}
	EndGlobalSection
EndGlobal
