
Microsoft Visual Studio Solution File, Format Version 12.00
# Visual Studio Version 16
VisualStudioVersion = 16.0.30517.126
MinimumVisualStudioVersion = 10.0.40219.1
Project("{FAE04EC0-301F-11D3-BF4B-00C04F79EFBC}") = "Drugs2020.DAL", "Drugs2020.DAL\Drugs2020.DAL.csproj", "{0D8391A9-3261-41CC-A895-833914DC8A47}"
EndProject
Project("{FAE04EC0-301F-11D3-BF4B-00C04F79EFBC}") = "Drugs2020.BLL.BE", "Drugs2020.BLL.BE\Drugs2020.BLL.BE.csproj", "{F894F295-B16D-4A61-AF10-10D64991C054}"
EndProject
Project("{FAE04EC0-301F-11D3-BF4B-00C04F79EFBC}") = "Drugs2020.BLL", "Drugs2020.BLL\Drugs2020.BLL.csproj", "{BE81B25F-0DB4-49B3-8D04-F43024FA3701}"
EndProject
Project("{2150E333-8FDC-42A3-9474-1A3956D46DE8}") = "Solution Items", "Solution Items", "{BD2C23CE-7A39-4B9C-903C-6AB832A2E45F}"
	ProjectSection(SolutionItems) = preProject
		TextFile1.txt = TextFile1.txt
	EndProjectSection
EndProject
Project("{FAE04EC0-301F-11D3-BF4B-00C04F79EFBC}") = "Drugs2020.PL", "Drugs2020.PL\Drugs2020.PL.csproj", "{DA34158D-BFB8-432F-A997-8C9464316E66}"
EndProject
Global
	GlobalSection(SolutionConfigurationPlatforms) = preSolution
		Debug|Any CPU = Debug|Any CPU
		Release|Any CPU = Release|Any CPU
	EndGlobalSection
	GlobalSection(ProjectConfigurationPlatforms) = postSolution
		{0D8391A9-3261-41CC-A895-833914DC8A47}.Debug|Any CPU.ActiveCfg = Debug|Any CPU
		{0D8391A9-3261-41CC-A895-833914DC8A47}.Debug|Any CPU.Build.0 = Debug|Any CPU
		{0D8391A9-3261-41CC-A895-833914DC8A47}.Release|Any CPU.ActiveCfg = Release|Any CPU
		{0D8391A9-3261-41CC-A895-833914DC8A47}.Release|Any CPU.Build.0 = Release|Any CPU
		{F894F295-B16D-4A61-AF10-10D64991C054}.Debug|Any CPU.ActiveCfg = Debug|Any CPU
		{F894F295-B16D-4A61-AF10-10D64991C054}.Debug|Any CPU.Build.0 = Debug|Any CPU
		{F894F295-B16D-4A61-AF10-10D64991C054}.Release|Any CPU.ActiveCfg = Release|Any CPU
		{F894F295-B16D-4A61-AF10-10D64991C054}.Release|Any CPU.Build.0 = Release|Any CPU
		{BE81B25F-0DB4-49B3-8D04-F43024FA3701}.Debug|Any CPU.ActiveCfg = Debug|Any CPU
		{BE81B25F-0DB4-49B3-8D04-F43024FA3701}.Debug|Any CPU.Build.0 = Debug|Any CPU
		{BE81B25F-0DB4-49B3-8D04-F43024FA3701}.Release|Any CPU.ActiveCfg = Release|Any CPU
		{BE81B25F-0DB4-49B3-8D04-F43024FA3701}.Release|Any CPU.Build.0 = Release|Any CPU
		{DA34158D-BFB8-432F-A997-8C9464316E66}.Debug|Any CPU.ActiveCfg = Debug|Any CPU
		{DA34158D-BFB8-432F-A997-8C9464316E66}.Debug|Any CPU.Build.0 = Debug|Any CPU
		{DA34158D-BFB8-432F-A997-8C9464316E66}.Release|Any CPU.ActiveCfg = Release|Any CPU
		{DA34158D-BFB8-432F-A997-8C9464316E66}.Release|Any CPU.Build.0 = Release|Any CPU
	EndGlobalSection
	GlobalSection(SolutionProperties) = preSolution
		HideSolutionNode = FALSE
	EndGlobalSection
	GlobalSection(ExtensibilityGlobals) = postSolution
		SolutionGuid = {9F3D26A8-5AAC-411B-92F7-56D928ADFFA3}
	EndGlobalSection
EndGlobal
